github.com/onweru/compose v0.0.0-20220613192136-823b5de743db h1:nYOIKq9elvPvKHIMJmr5yFMMouDvniv5aavHH9Beghg=
github.com/onweru/compose v0.0.0-20220613192136-823b5de743db/go.mod h1:tf1kQIBUcwJ/3mRFU5eiMrMvsDScVTK2IEFsZE3hZOc=
github.com/onweru/compose v0.0.0-20230615081942-67dad4f6ef90 h1:YtZ28Fg638nbpKbvwEB16c3LBIdDxEAi8E0eWmo+Dw0=
github.com/onweru/compose v0.0.0-20230615081942-67dad4f6ef90/go.mod h1:tf1kQIBUcwJ/3mRFU5eiMrMvsDScVTK2IEFsZE3hZOc=
